{
  "name": "brewing-jamsite-site",
  "version": "1.0.0",
  "lockfileVersion": 1,
  "requires": true,
  "dependencies": {
    "easy-whois": {
      "version": "1.2.0",
      "resolved": "https://registry.npmjs.org/easy-whois/-/easy-whois-1.2.0.tgz",
      "integrity": "sha512-9YUeJoWbhMxgyBm7Ripd9v57GQn3x/bzWSimIfhbhAbvzAKvrUmp9Q1m/ofJB0krUR+qWVUOqKnvKZpN2ghdQw=="
    }
  }
}
